
Microsoft Visual Studio Solution File, Format Version 12.00
# Visual Studio Version 17
VisualStudioVersion = 17.5.002.0
MinimumVisualStudioVersion = 10.0.40219.1
Project("{9A19103F-16F7-4668-BE54-9A1E7A4F7556}") = "WeddingAlbum", "WeddingAlbum.csproj", "{64EC3362-2DB5-457F-84BE-A4DABDCFC565}"
EndProject
Global
	GlobalSection(SolutionConfigurationPlatforms) = preSolution
		Debug|Any CPU = Debug|Any CPU
		Release|Any CPU = Release|Any CPU
	EndGlobalSection
	GlobalSection(ProjectConfigurationPlatforms) = postSolution
		{64EC3362-2DB5-457F-84BE-A4DABDCFC565}.Debug|Any CPU.ActiveCfg = Debug|Any CPU
		{64EC3362-2DB5-457F-84BE-A4DABDCFC565}.Debug|Any CPU.Build.0 = Debug|Any CPU
		{64EC3362-2DB5-457F-84BE-A4DABDCFC565}.Release|Any CPU.ActiveCfg = Release|Any CPU
		{64EC3362-2DB5-457F-84BE-A4DABDCFC565}.Release|Any CPU.Build.0 = Release|Any CPU
	EndGlobalSection
	GlobalSection(SolutionProperties) = preSolution
		HideSolutionNode = FALSE
	EndGlobalSection
	GlobalSection(ExtensibilityGlobals) = postSolution
		SolutionGuid = {D8345937-C785-4FAD-BFE9-B112C1C84501}
	EndGlobalSection
EndGlobal
